
Microsoft Visual Studio Solution File, Format Version 12.00
# Visual Studio Version 16
VisualStudioVersion = 16.0.31515.178
MinimumVisualStudioVersion = 10.0.40219.1
Project("{FAE04EC0-301F-11D3-BF4B-00C04F79EFBC}") = "WeatherApi", "WeatherApi\WeatherApi.csproj", "{643B0AD5-650C-4C85-A9E4-FB3C25123D51}"
EndProject
Global
	GlobalSection(SolutionConfigurationPlatforms) = preSolution
		Debug|Any CPU = Debug|Any CPU
		Release|Any CPU = Release|Any CPU
	EndGlobalSection
	GlobalSection(ProjectConfigurationPlatforms) = postSolution
		{643B0AD5-650C-4C85-A9E4-FB3C25123D51}.Debug|Any CPU.ActiveCfg = Debug|Any CPU
		{643B0AD5-650C-4C85-A9E4-FB3C25123D51}.Debug|Any CPU.Build.0 = Debug|Any CPU
		{643B0AD5-650C-4C85-A9E4-FB3C25123D51}.Release|Any CPU.ActiveCfg = Release|Any CPU
		{643B0AD5-650C-4C85-A9E4-FB3C25123D51}.Release|Any CPU.Build.0 = Release|Any CPU
	EndGlobalSection
	GlobalSection(SolutionProperties) = preSolution
		HideSolutionNode = FALSE
	EndGlobalSection
	GlobalSection(ExtensibilityGlobals) = postSolution
		SolutionGuid = {69BD6996-6762-4A68-9EAF-7ED7FEE01B6A}
	EndGlobalSection
EndGlobal
